{
  "nodes": {
    "nixpkgs": {
      "locked": {
        "lastModified": 1698849552,
        "narHash": "sha256-2pSykdb+Fe9+rGA1NIG/xXFfCmJu4QG8GbG5oJMyLKI=",
        "owner": "NixOS",
        "repo": "nixpkgs",
        "rev": "7f8c9b338ff8388d893e9d6c2928870613a073ed",
        "type": "github"
      },
      "original": {
        "owner": "NixOS",
        "repo": "nixpkgs",
        "type": "github"
      }
    },
    "root": {
      "inputs": {
        "nixpkgs": "nixpkgs"
      }
    }
  },
  "root": "root",
  "version": 7
}
